
Microsoft Visual Studio Solution File, Format Version 12.00
# Visual Studio Version 17
VisualStudioVersion = 17.8.34330.188
MinimumVisualStudioVersion = 10.0.40219.1
Project("{FAE04EC0-301F-11D3-BF4B-00C04F79EFBC}") = "SampleAdMob", "SampleAdMob.csproj", "{629369B3-DDC8-4162-93C5-B6686732FF4F}"
EndProject
Global
	GlobalSection(SolutionConfigurationPlatforms) = preSolution
		Debug|Any CPU = Debug|Any CPU
		Release|Any CPU = Release|Any CPU
	EndGlobalSection
	GlobalSection(ProjectConfigurationPlatforms) = postSolution
		{629369B3-DDC8-4162-93C5-B6686732FF4F}.Debug|Any CPU.ActiveCfg = Debug|Any CPU
		{629369B3-DDC8-4162-93C5-B6686732FF4F}.Debug|Any CPU.Build.0 = Debug|Any CPU
		{629369B3-DDC8-4162-93C5-B6686732FF4F}.Debug|Any CPU.Deploy.0 = Debug|Any CPU
		{629369B3-DDC8-4162-93C5-B6686732FF4F}.Release|Any CPU.ActiveCfg = Release|Any CPU
		{629369B3-DDC8-4162-93C5-B6686732FF4F}.Release|Any CPU.Build.0 = Release|Any CPU
		{629369B3-DDC8-4162-93C5-B6686732FF4F}.Release|Any CPU.Deploy.0 = Release|Any CPU
	EndGlobalSection
	GlobalSection(SolutionProperties) = preSolution
		HideSolutionNode = FALSE
	EndGlobalSection
	GlobalSection(ExtensibilityGlobals) = postSolution
		SolutionGuid = {CBACFA91-D8E7-4F52-A2FA-0E27D95FC5C2}
	EndGlobalSection
EndGlobal
